
Microsoft Visual Studio Solution File, Format Version 12.00
# Visual Studio 15
VisualStudioVersion = 15.0.28307.329
MinimumVisualStudioVersion = 10.0.40219.1
Project("{FAE04EC0-301F-11D3-BF4B-00C04F79EFBC}") = "Hostel", "Hostel\Hostel.csproj", "{0E0C8E08-A3D4-43FD-A504-81040886CEAB}"
EndProject
Global
	GlobalSection(SolutionConfigurationPlatforms) = preSolution
		Debug|Any CPU = Debug|Any CPU
		Release|Any CPU = Release|Any CPU
	EndGlobalSection
	GlobalSection(ProjectConfigurationPlatforms) = postSolution
		{0E0C8E08-A3D4-43FD-A504-81040886CEAB}.Debug|Any CPU.ActiveCfg = Debug|Any CPU
		{0E0C8E08-A3D4-43FD-A504-81040886CEAB}.Debug|Any CPU.Build.0 = Debug|Any CPU
		{0E0C8E08-A3D4-43FD-A504-81040886CEAB}.Release|Any CPU.ActiveCfg = Release|Any CPU
		{0E0C8E08-A3D4-43FD-A504-81040886CEAB}.Release|Any CPU.Build.0 = Release|Any CPU
	EndGlobalSection
	GlobalSection(SolutionProperties) = preSolution
		HideSolutionNode = FALSE
	EndGlobalSection
	GlobalSection(ExtensibilityGlobals) = postSolution
		SolutionGuid = {1E0E3CE0-16FB-4465-9AD0-6BF36E7C483C}
	EndGlobalSection
EndGlobal
